
Microsoft Visual Studio Solution File, Format Version 12.00
# Visual Studio Version 17
VisualStudioVersion = 17.5.33502.453
MinimumVisualStudioVersion = 10.0.40219.1
Project("{FAE04EC0-301F-11D3-BF4B-00C04F79EFBC}") = "Comp_4", "Comp_4\Comp_4.csproj", "{4A3FE287-C2B7-4CB1-8039-50BB39723C48}"
EndProject
Global
	GlobalSection(SolutionConfigurationPlatforms) = preSolution
		Debug|Any CPU = Debug|Any CPU
		Release|Any CPU = Release|Any CPU
	EndGlobalSection
	GlobalSection(ProjectConfigurationPlatforms) = postSolution
		{4A3FE287-C2B7-4CB1-8039-50BB39723C48}.Debug|Any CPU.ActiveCfg = Debug|Any CPU
		{4A3FE287-C2B7-4CB1-8039-50BB39723C48}.Debug|Any CPU.Build.0 = Debug|Any CPU
		{4A3FE287-C2B7-4CB1-8039-50BB39723C48}.Release|Any CPU.ActiveCfg = Release|Any CPU
		{4A3FE287-C2B7-4CB1-8039-50BB39723C48}.Release|Any CPU.Build.0 = Release|Any CPU
	EndGlobalSection
	GlobalSection(SolutionProperties) = preSolution
		HideSolutionNode = FALSE
	EndGlobalSection
	GlobalSection(ExtensibilityGlobals) = postSolution
		SolutionGuid = {E4DA97F7-4656-486C-8D7B-6BDCADD0A508}
	EndGlobalSection
EndGlobal
